
Microsoft Visual Studio Solution File, Format Version 12.00
# Visual Studio Version 17
VisualStudioVersion = 17.11.35219.272
MinimumVisualStudioVersion = 10.0.40219.1
Project("{9A19103F-16F7-4668-BE54-9A1E7A4F7556}") = "PS03_02", "PS03_02\PS03_02.csproj", "{57EA9935-440F-4C86-8EF2-31292F4F6076}"
EndProject
Project("{FAE04EC0-301F-11D3-BF4B-00C04F79EFBC}") = "PS03_01", "PS03_01\PS03_01.csproj", "{40DCB907-9E21-4380-9D03-257816D0E21D}"
EndProject
Global
	GlobalSection(SolutionConfigurationPlatforms) = preSolution
		Debug|Any CPU = Debug|Any CPU
		Release|Any CPU = Release|Any CPU
	EndGlobalSection
	GlobalSection(ProjectConfigurationPlatforms) = postSolution
		{57EA9935-440F-4C86-8EF2-31292F4F6076}.Debug|Any CPU.ActiveCfg = Debug|Any CPU
		{57EA9935-440F-4C86-8EF2-31292F4F6076}.Debug|Any CPU.Build.0 = Debug|Any CPU
		{57EA9935-440F-4C86-8EF2-31292F4F6076}.Release|Any CPU.ActiveCfg = Release|Any CPU
		{57EA9935-440F-4C86-8EF2-31292F4F6076}.Release|Any CPU.Build.0 = Release|Any CPU
		{40DCB907-9E21-4380-9D03-257816D0E21D}.Debug|Any CPU.ActiveCfg = Debug|Any CPU
		{40DCB907-9E21-4380-9D03-257816D0E21D}.Debug|Any CPU.Build.0 = Debug|Any CPU
		{40DCB907-9E21-4380-9D03-257816D0E21D}.Release|Any CPU.ActiveCfg = Release|Any CPU
		{40DCB907-9E21-4380-9D03-257816D0E21D}.Release|Any CPU.Build.0 = Release|Any CPU
	EndGlobalSection
	GlobalSection(SolutionProperties) = preSolution
		HideSolutionNode = FALSE
	EndGlobalSection
	GlobalSection(ExtensibilityGlobals) = postSolution
		SolutionGuid = {AC76A706-5CB3-49E3-A6A3-0047D14FC797}
	EndGlobalSection
EndGlobal
